// !$*UTF8*$!
{
	archiveVersion = 1;
	classes = {
	};
	objectVersion = 46;
	objects = {

/* Begin PBXBuildFile section */
		1900D38D1EF026FB00BEFDD7 /* AppDelegate.swift in Sources */ = {isa = PBXBuildFile; fileRef = 1900D38C1EF026FB00BEFDD7 /* AppDelegate.swift */; };
		1900D38F1EF026FB00BEFDD7 /* ViewController.swift in Sources */ = {isa = PBXBuildFile; fileRef = 1900D38E1EF026FB00BEFDD7 /* ViewController.swift */; };
		1900D3921EF026FB00BEFDD7 /* Main.storyboard in Resources */ = {isa = PBXBuildFile; fileRef = 1900D3901EF026FB00BEFDD7 /* Main.storyboard */; };
		1900D3941EF026FB00BEFDD7 /* Assets.xcassets in Resources */ = {isa = PBXBuildFile; fileRef = 1900D3931EF026FB00BEFDD7 /* Assets.xcassets */; };
		1900D3971EF026FB00BEFDD7 /* LaunchScreen.storyboard in Resources */ = {isa = PBXBuildFile; fileRef = 1900D3951EF026FB00BEFDD7 /* LaunchScreen.storyboard */; };
		1900D3A21EF026FB00BEFDD7 /* swift_btnTests.swift in Sources */ = {isa = PBXBuildFile; fileRef = 1900D3A11EF026FB00BEFDD7 /* swift_btnTests.swift */; };
/* End PBXBuildFile section */

/* Begin PBXContainerItemProxy section */
		1900D39E1EF026FB00BEFDD7 /* PBXContainerItemProxy */ = {
			isa = PBXContainerItemProxy;
			containerPortal = 1900D3811EF026FB00BEFDD7 /* Project object */;
			proxyType = 1;
			remoteGlobalIDString = 1900D3881EF026FB00BEFDD7;
			remoteInfo = "swift-btn";
		};
/* End PBXContainerItemProxy section */

/* Begin PBXFileReference section */
		1900D3891EF026FB00BEFDD7 /* swift-btn.app */ = {isa = PBXFileReference; explicitFileType = wrapper.application; includeInIndex = 0; path = "swift-btn.app"; sourceTree = BUILT_PRODUCTS_DIR; };
		1900D38C1EF026FB00BEFDD7 /* AppDelegate.swift */ = {isa = PBXFileReference; lastKnownFileType = sourcecode.swift; path = AppDelegate.swift; sourceTree = "<group>"; };
		1900D38E1EF026FB00BEFDD7 /* ViewController.swift */ = {isa = PBXFileReference; lastKnownFileType = sourcecode.swift; path = ViewController.swift; sourceTree = "<group>"; };
		1900D3911EF026FB00BEFDD7 /* Base */ = {isa = PBXFileReference; lastKnownFileType = file.storyboard; name = Base; path = Base.lproj/Main.storyboard; sourceTree = "<group>"; };
		1900D3931EF026FB00BEFDD7 /* Assets.xcassets */ = {isa = PBXFileReference; lastKnownFileType = folder.assetcatalog; path = Assets.xcassets; sourceTree = "<group>"; };
		1900D3961EF026FB00BEFDD7 /* Base */ = {isa = PBXFileReference; lastKnownFileType = file.storyboard; name = Base; path = Base.lproj/LaunchScreen.storyboard; sourceTree = "<group>"; };
		1900D3981EF026FB00BEFDD7 /* Info.plist */ = {isa = PBXFileReference; lastKnownFileType = text.plist.xml; path = Info.plist; sourceTree = "<group>"; };
		1900D39D1EF026FB00BEFDD7 /* swift-btnTests.xctest */ = {isa = PBXFileReference; explicitFileType = wrapper.cfbundle; includeInIndex = 0; path = "swift-btnTests.xctest"; sourceTree = BUILT_PRODUCTS_DIR; };
		1900D3A11EF026FB00BEFDD7 /* swift_btnTests.swift */ = {isa = PBXFileReference; lastKnownFileType = sourcecode.swift; path = swift_btnTests.swift; sourceTree = "<group>"; };
		1900D3A31EF026FB00BEFDD7 /* Info.plist */ = {isa = PBXFileReference; lastKnownFileType = text.plist.xml; path = Info.plist; sourceTree = "<group>"; };
/* End PBXFileReference section */

/* Begin PBXFrameworksBuildPhase section */
		1900D3861EF026FB00BEFDD7 /* Frameworks */ = {
			isa = PBXFrameworksBuildPhase;
			buildActionMask = 2147483647;
			files = (
			);
			runOnlyForDeploymentPostprocessing = 0;
		};
		1900D39A1EF026FB00BEFDD7 /* Frameworks */ = {
			isa = PBXFrameworksBuildPhase;
			buildActionMask = 2147483647;
			files = (
			);
			runOnlyForDeploymentPostprocessing = 0;
		};
/* End PBXFrameworksBuildPhase section */

/* Begin PBXGroup section */
		1900D3801EF026FB00BEFDD7 = {
			isa = PBXGroup;
			children = (
				1900D38B1EF026FB00BEFDD7 /* swift-btn */,
				1900D3A01EF026FB00BEFDD7 /* swift-btnTests */,
				1900D38A1EF026FB00BEFDD7 /* Products */,
			);
			sourceTree = "<group>";
		};
		1900D38A1EF026FB00BEFDD7 /* Products */ = {
			isa = PBXGroup;
			children = (
				1900D3891EF026FB00BEFDD7 /* swift-btn.app */,
				1900D39D1EF026FB00BEFDD7 /* swift-btnTests.xctest */,
			);
			name = Products;
			sourceTree = "<group>";
		};
		1900D38B1EF026FB00BEFDD7 /* swift-btn */ = {
			isa = PBXGroup;
			children = (
				1900D38C1EF026FB00BEFDD7 /* AppDelegate.swift */,
				1900D38E1EF026FB00BEFDD7 /* ViewController.swift */,
				1900D3901EF026FB00BEFDD7 /* Main.storyboard */,
				1900D3931EF026FB00BEFDD7 /* Assets.xcassets */,
				1900D3951EF026FB00BEFDD7 /* LaunchScreen.storyboard */,
				1900D3981EF026FB00BEFDD7 /* Info.plist */,
			);
			path = "swift-btn";
			sourceTree = "<group>";
		};
		1900D3A01EF026FB00BEFDD7 /* swift-btnTests */ = {
			isa = PBXGroup;
			children = (
				1900D3A11EF026FB00BEFDD7 /* swift_btnTests.swift */,
				1900D3A31EF026FB00BEFDD7 /* Info.plist */,
			);
			path = "swift-btnTests";
			sourceTree = "<group>";
		};
/* End PBXGroup section */

/* Begin PBXNativeTarget section */
		1900D3881EF026FB00BEFDD7 /* swift-btn */ = {
			isa = PBXNativeTarget;
			buildConfigurationList = 1900D3A61EF026FB00BEFDD7 /* Build configuration list for PBXNativeTarget "swift-btn" */;
			buildPhases = (
				1900D3851EF026FB00BEFDD7 /* Sources */,
				1900D3861EF026FB00BEFDD7 /* Frameworks */,
				1900D3871EF026FB00BEFDD7 /* Resources */,
			);
			buildRules = (
			);
			dependencies = (
			);
			name = "swift-btn";
			productName = "swift-btn";
			productReference = 1900D3891EF026FB00BEFDD7 /* swift-btn.app */;
			productType = "com.apple.product-type.application";
		};
		1900D39C1EF026FB00BEFDD7 /* swift-btnTests */ = {
			isa = PBXNativeTarget;
			buildConfigurationList = 1900D3A91EF026FB00BEFDD7 /* Build configuration list for PBXNativeTarget "swift-btnTests" */;
			buildPhases = (
				1900D3991EF026FB00BEFDD7 /* Sources */,
				1900D39A1EF026FB00BEFDD7 /* Frameworks */,
				1900D39B1EF026FB00BEFDD7 /* Resources */,
			);
			buildRules = (
			);
			dependencies = (
				1900D39F1EF026FB00BEFDD7 /* PBXTargetDependency */,
			);
			name = "swift-btnTests";
			productName = "swift-btnTests";
			productReference = 1900D39D1EF026FB00BEFDD7 /* swift-btnTests.xctest */;
			productType = "com.apple.product-type.bundle.unit-test";
		};
/* End PBXNativeTarget section */

/* Begin PBXProject section */
		1900D3811EF026FB00BEFDD7 /* Project object */ = {
			isa = PBXProject;
			attributes = {
				LastSwiftUpdateCheck = 0830;
				LastUpgradeCheck = 0830;
				ORGANIZATIONNAME = "LPPZ-User01";
				TargetAttributes = {
					1900D3881EF026FB00BEFDD7 = {
						CreatedOnToolsVersion = 8.3.2;
						ProvisioningStyle = Automatic;
					};
					1900D39C1EF026FB00BEFDD7 = {
						CreatedOnToolsVersion = 8.3.2;
						ProvisioningStyle = Automatic;
						TestTargetID = 1900D3881EF026FB00BEFDD7;
					};
				};
			};
			buildConfigurationList = 1900D3841EF026FB00BEFDD7 /* Build configuration list for PBXProject "swift-btn" */;
			compatibilityVersion = "Xcode 3.2";
			developmentRegion = English;
			hasScannedForEncodings = 0;
			knownRegions = (
				en,
				Base,
			);
			mainGroup = 1900D3801EF026FB00BEFDD7;
			productRefGroup = 1900D38A1EF026FB00BEFDD7 /* Products */;
			projectDirPath = "";
			projectRoot = "";
			targets = (
				1900D3881EF026FB00BEFDD7 /* swift-btn */,
				1900D39C1EF026FB00BEFDD7 /* swift-btnTests */,
			);
		};
/* End PBXProject section */

/* Begin PBXResourcesBuildPhase section */
		1900D3871EF026FB00BEFDD7 /* Resources */ = {
			isa = PBXResourcesBuildPhase;
			buildActionMask = 2147483647;
			files = (
				1900D3971EF026FB00BEFDD7 /* LaunchScreen.storyboard in Resources */,
				1900D3941EF026FB00BEFDD7 /* Assets.xcassets in Resources */,
				1900D3921EF026FB00BEFDD7 /* Main.storyboard in Resources */,
			);
			runOnlyForDeploymentPostprocessing = 0;
		};
		1900D39B1EF026FB00BEFDD7 /* Resources */ = {
			isa = PBXResourcesBuildPhase;
			buildActionMask = 2147483647;
			files = (
			);
			runOnlyForDeploymentPostprocessing = 0;
		};
/* End PBXResourcesBuildPhase section */

/* Begin PBXSourcesBuildPhase section */
		1900D3851EF026FB00BEFDD7 /* Sources */ = {
			isa = PBXSourcesBuildPhase;
			buildActionMask = 2147483647;
			files = (
				1900D38F1EF026FB00BEFDD7 /* ViewController.swift in Sources */,
				1900D38D1EF026FB00BEFDD7 /* AppDelegate.swift in Sources */,
			);
			runOnlyForDeploymentPostprocessing = 0;
		};
		1900D3991EF026FB00BEFDD7 /* Sources */ = {
			isa = PBXSourcesBuildPhase;
			buildActionMask = 2147483647;
			files = (
				1900D3A21EF026FB00BEFDD7 /* swift_btnTests.swift in Sources */,
			);
			runOnlyForDeploymentPostprocessing = 0;
		};
/* End PBXSourcesBuildPhase section */

/* Begin PBXTargetDependency section */
		1900D39F1EF026FB00BEFDD7 /* PBXTargetDependency */ = {
			isa = PBXTargetDependency;
			target = 1900D3881EF026FB00BEFDD7 /* swift-btn */;
			targetProxy = 1900D39E1EF026FB00BEFDD7 /* PBXContainerItemProxy */;
		};
/* End PBXTargetDependency section */

/* Begin PBXVariantGroup section */
		1900D3901EF026FB00BEFDD7 /* Main.storyboard */ = {
			isa = PBXVariantGroup;
			children = (
				1900D3911EF026FB00BEFDD7 /* Base */,
			);
			name = Main.storyboard;
			sourceTree = "<group>";
		};
		1900D3951EF026FB00BEFDD7 /* LaunchScreen.storyboard */ = {
			isa = PBXVariantGroup;
			children = (
				1900D3961EF026FB00BEFDD7 /* Base */,
			);
			name = LaunchScreen.storyboard;
			sourceTree = "<group>";
		};
/* End PBXVariantGroup section */

/* Begin XCBuildConfiguration section */
		1900D3A41EF026FB00BEFDD7 /* Debug */ = {
			isa = XCBuildConfiguration;
			buildSettings = {
				ALWAYS_SEARCH_USER_PATHS = NO;
				CLANG_ANALYZER_NONNULL = YES;
				CLANG_ANALYZER_NUMBER_OBJECT_CONVERSION = YES_AGGRESSIVE;
				CLANG_CXX_LANGUAGE_STANDARD = "gnu++0x";
				CLANG_CXX_LIBRARY = "libc++";
				CLANG_ENABLE_MODULES = YES;
				CLANG_ENABLE_OBJC_ARC = YES;
				CLANG_WARN_BOOL_CONVERSION = YES;
				CLANG_WARN_CONSTANT_CONVERSION = YES;
				CLANG_WARN_DIRECT_OBJC_ISA_USAGE = YES_ERROR;
				CLANG_WARN_DOCUMENTATION_COMMENTS = YES;
				CLANG_WARN_EMPTY_BODY = YES;
				CLANG_WARN_ENUM_CONVERSION = YES;
				CLANG_WARN_INFINITE_RECURSION = YES;
				CLANG_WARN_INT_CONVERSION = YES;
				CLANG_WARN_OBJC_ROOT_CLASS = YES_ERROR;
				CLANG_WARN_SUSPICIOUS_MOVE = YES;
				CLANG_WARN_UNREACHABLE_CODE = YES;
				CLANG_WARN__DUPLICATE_METHOD_MATCH = YES;
				"CODE_SIGN_IDENTITY[sdk=iphoneos*]" = "iPhone Developer";
				COPY_PHASE_STRIP = NO;
				DEBUG_INFORMATION_FORMAT = dwarf;
				ENABLE_STRICT_OBJC_MSGSEND = YES;
				ENABLE_TESTABILITY = YES;
				GCC_C_LANGUAGE_STANDARD = gnu99;
				GCC_DYNAMIC_NO_PIC = NO;
				GCC_NO_COMMON_BLOCKS = YES;
				GCC_OPTIMIZATION_LEVEL = 0;
				GCC_PREPROCESSOR_DEFINITIONS = (
					"DEBUG=1",
					"$(inherited)",
				);
				GCC_WARN_64_TO_32_BIT_CONVERSION = YES;
				GCC_WARN_ABOUT_RETURN_TYPE = YES_ERROR;
				GCC_WARN_UNDECLARED_SELECTOR = YES;
				GCC_WARN_UNINITIALIZED_AUTOS = YES_AGGRESSIVE;
				GCC_WARN_UNUSED_FUNCTION = YES;
				GCC_WARN_UNUSED_VARIABLE = YES;
				IPHONEOS_DEPLOYMENT_TARGET = 10.3;
				MTL_ENABLE_DEBUG_INFO = YES;
				ONLY_ACTIVE_ARCH = YES;
				SDKROOT = iphoneos;
				SWIFT_ACTIVE_COMPILATION_CONDITIONS = DEBUG;
				SWIFT_OPTIMIZATION_LEVEL = "-Onone";
				TARGETED_DEVICE_FAMILY = "1,2";
			};
			name = Debug;
		};
		1900D3A51EF026FB00BEFDD7 /* Release */ = {
			isa = XCBuildConfiguration;
			buildSettings = {
				ALWAYS_SEARCH_USER_PATHS = NO;
				CLANG_ANALYZER_NONNULL = YES;
				CLANG_ANALYZER_NUMBER_OBJECT_CONVERSION = YES_AGGRESSIVE;
				CLANG_CXX_LANGUAGE_STANDARD = "gnu++0x";
				CLANG_CXX_LIBRARY = "libc++";
				CLANG_ENABLE_MODULES = YES;
				CLANG_ENABLE_OBJC_ARC = YES;
				CLANG_WARN_BOOL_CONVERSION = YES;
				CLANG_WARN_CONSTANT_CONVERSION = YES;
				CLANG_WARN_DIRECT_OBJC_ISA_USAGE = YES_ERROR;
				CLANG_WARN_DOCUMENTATION_COMMENTS = YES;
				CLANG_WARN_EMPTY_BODY = YES;
				CLANG_WARN_ENUM_CONVERSION = YES;
				CLANG_WARN_INFINITE_RECURSION = YES;
				CLANG_WARN_INT_CONVERSION = YES;
				CLANG_WARN_OBJC_ROOT_CLASS = YES_ERROR;
				CLANG_WARN_SUSPICIOUS_MOVE = YES;
				CLANG_WARN_UNREACHABLE_CODE = YES;
				CLANG_WARN__DUPLICATE_METHOD_MATCH = YES;
				"CODE_SIGN_IDENTITY[sdk=iphoneos*]" = "iPhone Developer";
				COPY_PHASE_STRIP = NO;
				DEBUG_INFORMATION_FORMAT = "dwarf-with-dsym";
				ENABLE_NS_ASSERTIONS = NO;
				ENABLE_STRICT_OBJC_MSGSEND = YES;
				GCC_C_LANGUAGE_STANDARD = gnu99;
				GCC_NO_COMMON_BLOCKS = YES;
				GCC_WARN_64_TO_32_BIT_CONVERSION = YES;
				GCC_WARN_ABOUT_RETURN_TYPE = YES_ERROR;
				GCC_WARN_UNDECLARED_SELECTOR = YES;
				GCC_WARN_UNINITIALIZED_AUTOS = YES_AGGRESSIVE;
				GCC_WARN_UNUSED_FUNCTION = YES;
				GCC_WARN_UNUSED_VARIABLE = YES;
				IPHONEOS_DEPLOYMENT_TARGET = 10.3;
				MTL_ENABLE_DEBUG_INFO = NO;
				SDKROOT = iphoneos;
				SWIFT_OPTIMIZATION_LEVEL = "-Owholemodule";
				TARGETED_DEVICE_FAMILY = "1,2";
				VALIDATE_PRODUCT = YES;
			};
			name = Release;
		};
		1900D3A71EF026FB00BEFDD7 /* Debug */ = {
			isa = XCBuildConfiguration;
			buildSettings = {
				ASSETCATALOG_COMPILER_APPICON_NAME = AppIcon;
				INFOPLIST_FILE = "swift-btn/Info.plist";
				LD_RUNPATH_SEARCH_PATHS = "$(inherited) @executable_path/Frameworks";
				PRODUCT_BUNDLE_IDENTIFIER = "lppz.swift-btn";
				PRODUCT_NAME = "$(TARGET_NAME)";
				SWIFT_VERSION = 3.0;
			};
			name = Debug;
		};
		1900D3A81EF026FB00BEFDD7 /* Release */ = {
			isa = XCBuildConfiguration;
			buildSettings = {
				ASSETCATALOG_COMPILER_APPICON_NAME = AppIcon;
				INFOPLIST_FILE = "swift-btn/Info.plist";
				LD_RUNPATH_SEARCH_PATHS = "$(inherited) @executable_path/Frameworks";
				PRODUCT_BUNDLE_IDENTIFIER = "lppz.swift-btn";
				PRODUCT_NAME = "$(TARGET_NAME)";
				SWIFT_VERSION = 3.0;
			};
			name = Release;
		};
		1900D3AA1EF026FB00BEFDD7 /* Debug */ = {
			isa = XCBuildConfiguration;
			buildSettings = {
				ALWAYS_EMBED_SWIFT_STANDARD_LIBRARIES = YES;
				BUNDLE_LOADER = "$(TEST_HOST)";
				INFOPLIST_FILE = "swift-btnTests/Info.plist";
				LD_RUNPATH_SEARCH_PATHS = "$(inherited) @executable_path/Frameworks @loader_path/Frameworks";
				PRODUCT_BUNDLE_IDENTIFIER = "lppz.swift-btnTests";
				PRODUCT_NAME = "$(TARGET_NAME)";
				SWIFT_VERSION = 3.0;
				TEST_HOST = "$(BUILT_PRODUCTS_DIR)/swift-btn.app/swift-btn";
			};
			name = Debug;
		};
		1900D3AB1EF026FB00BEFDD7 /* Release */ = {
			isa = XCBuildConfiguration;
			buildSettings = {
				ALWAYS_EMBED_SWIFT_STANDARD_LIBRARIES = YES;
				BUNDLE_LOADER = "$(TEST_HOST)";
				INFOPLIST_FILE = "swift-btnTests/Info.plist";
				LD_RUNPATH_SEARCH_PATHS = "$(inherited) @executable_path/Frameworks @loader_path/Frameworks";
				PRODUCT_BUNDLE_IDENTIFIER = "lppz.swift-btnTests";
				PRODUCT_NAME = "$(TARGET_NAME)";
				SWIFT_VERSION = 3.0;
				TEST_HOST = "$(BUILT_PRODUCTS_DIR)/swift-btn.app/swift-btn";
			};
			name = Release;
		};
/* End XCBuildConfiguration section */

/* Begin XCConfigurationList section */
		1900D3841EF026FB00BEFDD7 /* Build configuration list for PBXProject "swift-btn" */ = {
			isa = XCConfigurationList;
			buildConfigurations = (
				1900D3A41EF026FB00BEFDD7 /* Debug */,
				1900D3A51EF026FB00BEFDD7 /* Release */,
			);
			defaultConfigurationIsVisible = 0;
			defaultConfigurationName = Release;
		};
		1900D3A61EF026FB00BEFDD7 /* Build configuration list for PBXNativeTarget "swift-btn" */ = {
			isa = XCConfigurationList;
			buildConfigurations = (
				1900D3A71EF026FB00BEFDD7 /* Debug */,
				1900D3A81EF026FB00BEFDD7 /* Release */,
			);
			defaultConfigurationIsVisible = 0;
		};
		1900D3A91EF026FB00BEFDD7 /* Build configuration list for PBXNativeTarget "swift-btnTests" */ = {
			isa = XCConfigurationList;
			buildConfigurations = (
				1900D3AA1EF026FB00BEFDD7 /* Debug */,
				1900D3AB1EF026FB00BEFDD7 /* Release */,
			);
			defaultConfigurationIsVisible = 0;
		};
/* End XCConfigurationList section */
	};
	rootObject = 1900D3811EF026FB00BEFDD7 /* Project object */;
}
